
Microsoft Visual Studio Solution File, Format Version 12.00
# Visual Studio Version 16
VisualStudioVersion = 16.0.31112.23
MinimumVisualStudioVersion = 10.0.40219.1
Project("{FAE04EC0-301F-11D3-BF4B-00C04F79EFBC}") = "MethodExercise", "MethodExercise.csproj", "{1667F14A-BDB0-4549-AC70-8F6F9F935045}"
EndProject
Global
	GlobalSection(SolutionConfigurationPlatforms) = preSolution
		Debug|Any CPU = Debug|Any CPU
		Release|Any CPU = Release|Any CPU
	EndGlobalSection
	GlobalSection(ProjectConfigurationPlatforms) = postSolution
		{1667F14A-BDB0-4549-AC70-8F6F9F935045}.Debug|Any CPU.ActiveCfg = Debug|Any CPU
		{1667F14A-BDB0-4549-AC70-8F6F9F935045}.Debug|Any CPU.Build.0 = Debug|Any CPU
		{1667F14A-BDB0-4549-AC70-8F6F9F935045}.Release|Any CPU.ActiveCfg = Release|Any CPU
		{1667F14A-BDB0-4549-AC70-8F6F9F935045}.Release|Any CPU.Build.0 = Release|Any CPU
	EndGlobalSection
	GlobalSection(SolutionProperties) = preSolution
		HideSolutionNode = FALSE
	EndGlobalSection
	GlobalSection(ExtensibilityGlobals) = postSolution
		SolutionGuid = {B11D7636-C487-4405-9195-C96F57C10ED9}
	EndGlobalSection
EndGlobal
